{
  "version": 4,
  "terraform_version": "1.2.8",
  "serial": 150,
  "lineage": "44f7c7f0-e9c0-c039-fb7d-bf18a2b300a8",
  "outputs": {
    "load_balancer_ip_address": {
      "value": "35.244.172.55",
      "type": "string"
    }
  },
  "resources": [
    {
      "mode": "managed",
      "type": "google_compute_backend_service",
      "name": "default",
      "provider": "provider[\"registry.terraform.io/hashicorp/google\"]",
      "instances": [
        {
          "schema_version": 1,
          "attributes": {
            "affinity_cookie_ttl_sec": 0,
            "backend": [],
            "cdn_policy": [],
            "circuit_breakers": [],
            "connection_draining_timeout_sec": 300,
            "consistent_hash": [],
            "creation_timestamp": "2022-09-16T02:24:27.124-07:00",
            "custom_request_headers": [],
            "custom_response_headers": [],
            "description": "",
            "enable_cdn": false,
            "fingerprint": "Cli0oTZXXVQ=",
            "health_checks": [
              "https://www.googleapis.com/compute/v1/projects/data-button-357010/global/httpHealthChecks/nginx-ingress"
            ],
            "iap": [],
            "id": "projects/data-button-357010/global/backendServices/dev-controlplane",
            "load_balancing_scheme": "EXTERNAL",
            "locality_lb_policy": "",
            "log_config": [],
            "name": "dev-controlplane",
            "outlier_detection": [],
            "port_name": "http",
            "project": "data-button-357010",
            "protocol": "HTTP",
            "security_policy": "",
            "security_settings": [],
            "self_link": "https://www.googleapis.com/compute/v1/projects/data-button-357010/global/backendServices/dev-controlplane",
            "session_affinity": "NONE",
            "timeout_sec": 10,
            "timeouts": null
          },
          "sensitive_attributes": [],
          "private": "eyJlMmJmYjczMC1lY2FhLTExZTYtOGY4OC0zNDM2M2JjN2M0YzAiOnsiY3JlYXRlIjoxMjAwMDAwMDAwMDAwLCJkZWxldGUiOjEyMDAwMDAwMDAwMDAsInVwZGF0ZSI6MTIwMDAwMDAwMDAwMH0sInNjaGVtYV92ZXJzaW9uIjoiMSJ9",
          "dependencies": [
            "google_compute_http_health_check.default"
          ]
        }
      ]
    },
    {
      "mode": "managed",
      "type": "google_compute_global_forwarding_rule",
      "name": "default-ssl",
      "provider": "provider[\"registry.terraform.io/hashicorp/google\"]",
      "instances": [
        {
          "schema_version": 0,
          "attributes": {
            "description": "",
            "id": "projects/data-button-357010/global/forwardingRules/dev-controlplane",
            "ip_address": "34.149.16.210",
            "ip_protocol": "TCP",
            "ip_version": "",
            "label_fingerprint": "42WmSpB8rSM=",
            "labels": {},
            "load_balancing_scheme": "EXTERNAL",
            "metadata_filters": [],
            "name": "dev-controlplane",
            "network": "",
            "port_range": "443",
            "project": "data-button-357010",
            "psc_connection_id": "",
            "psc_connection_status": "",
            "self_link": "https://www.googleapis.com/compute/v1/projects/data-button-357010/global/forwardingRules/dev-controlplane",
            "target": "https://www.googleapis.com/compute/v1/projects/data-button-357010/global/targetHttpsProxies/target-proxy-ssl",
            "timeouts": null
          },
          "sensitive_attributes": [],
          "private": "eyJlMmJmYjczMC1lY2FhLTExZTYtOGY4OC0zNDM2M2JjN2M0YzAiOnsiY3JlYXRlIjoxMjAwMDAwMDAwMDAwLCJkZWxldGUiOjEyMDAwMDAwMDAwMDAsInVwZGF0ZSI6MTIwMDAwMDAwMDAwMH19",
          "dependencies": [
            "google_compute_backend_service.default",
            "google_compute_http_health_check.default",
            "google_compute_managed_ssl_certificate.default",
            "google_compute_target_https_proxy.default-ssl",
            "google_compute_url_map.default"
          ]
        }
      ]
    },
    {
      "mode": "managed",
      "type": "google_compute_http_health_check",
      "name": "default",
      "provider": "provider[\"registry.terraform.io/hashicorp/google\"]",
      "instances": [
        {
          "schema_version": 0,
          "attributes": {
            "check_interval_sec": 1,
            "creation_timestamp": "2022-09-16T02:24:14.998-07:00",
            "description": "",
            "healthy_threshold": 2,
            "host": "",
            "id": "projects/data-button-357010/global/httpHealthChecks/nginx-ingress",
            "name": "nginx-ingress",
            "port": 80,
            "project": "data-button-357010",
            "request_path": "/",
            "self_link": "https://www.googleapis.com/compute/v1/projects/data-button-357010/global/httpHealthChecks/nginx-ingress",
            "timeout_sec": 1,
            "timeouts": null,
            "unhealthy_threshold": 2
          },
          "sensitive_attributes": [],
          "private": "eyJlMmJmYjczMC1lY2FhLTExZTYtOGY4OC0zNDM2M2JjN2M0YzAiOnsiY3JlYXRlIjoxMjAwMDAwMDAwMDAwLCJkZWxldGUiOjEyMDAwMDAwMDAwMDAsInVwZGF0ZSI6MTIwMDAwMDAwMDAwMH19"
        }
      ]
    },
    {
      "mode": "managed",
      "type": "google_compute_managed_ssl_certificate",
      "name": "default",
      "provider": "provider[\"registry.terraform.io/hashicorp/google\"]",
      "instances": [
        {
          "schema_version": 0,
          "attributes": {
            "certificate_id": 1959362172354690641,
            "creation_timestamp": "2022-09-16T02:24:14.935-07:00",
            "description": "",
            "expire_time": "",
            "id": "projects/data-button-357010/global/sslCertificates/nginx-ingress",
            "managed": [
              {
                "domains": [
                  "dev-controlplane.cloud.korewireless.com"
                ]
              }
            ],
            "name": "nginx-ingress",
            "project": "data-button-357010",
            "self_link": "https://www.googleapis.com/compute/v1/projects/data-button-357010/global/sslCertificates/nginx-ingress",
            "subject_alternative_names": [],
            "timeouts": null,
            "type": "MANAGED"
          },
          "sensitive_attributes": [],
          "private": "eyJlMmJmYjczMC1lY2FhLTExZTYtOGY4OC0zNDM2M2JjN2M0YzAiOnsiY3JlYXRlIjoxODAwMDAwMDAwMDAwLCJkZWxldGUiOjE4MDAwMDAwMDAwMDB9fQ=="
        }
      ]
    },
    {
      "mode": "managed",
      "type": "google_compute_target_https_proxy",
      "name": "default-ssl",
      "provider": "provider[\"registry.terraform.io/hashicorp/google-beta\"]",
      "instances": [
        {
          "schema_version": 0,
          "attributes": {
            "certificate_map": "",
            "creation_timestamp": "2022-09-16T02:25:01.751-07:00",
            "description": "a description",
            "id": "projects/data-button-357010/global/targetHttpsProxies/target-proxy-ssl",
            "name": "target-proxy-ssl",
            "project": "data-button-357010",
            "proxy_bind": false,
            "proxy_id": 5350836492950961666,
            "quic_override": "NONE",
            "self_link": "https://www.googleapis.com/compute/v1/projects/data-button-357010/global/targetHttpsProxies/target-proxy-ssl",
            "ssl_certificates": [
              "https://www.googleapis.com/compute/v1/projects/data-button-357010/global/sslCertificates/nginx-ingress"
            ],
            "ssl_policy": "",
            "timeouts": null,
            "url_map": "https://www.googleapis.com/compute/v1/projects/data-button-357010/global/urlMaps/dev-controlplane"
          },
          "sensitive_attributes": [],
          "private": "eyJlMmJmYjczMC1lY2FhLTExZTYtOGY4OC0zNDM2M2JjN2M0YzAiOnsiY3JlYXRlIjoxMjAwMDAwMDAwMDAwLCJkZWxldGUiOjEyMDAwMDAwMDAwMDAsInVwZGF0ZSI6MTIwMDAwMDAwMDAwMH19",
          "dependencies": [
            "google_compute_backend_service.default",
            "google_compute_http_health_check.default",
            "google_compute_managed_ssl_certificate.default",
            "google_compute_url_map.default"
          ]
        }
      ]
    },
    {
      "mode": "managed",
      "type": "google_compute_url_map",
      "name": "default",
      "provider": "provider[\"registry.terraform.io/hashicorp/google\"]",
      "instances": [
        {
          "schema_version": 0,
          "attributes": {
            "creation_timestamp": "2022-09-16T02:24:49.638-07:00",
            "default_route_action": [],
            "default_service": "https://www.googleapis.com/compute/v1/projects/data-button-357010/global/backendServices/dev-controlplane",
            "default_url_redirect": [],
            "description": "a description",
            "fingerprint": "eXUxSEJv3uc=",
            "header_action": [],
            "host_rule": [],
            "id": "projects/data-button-357010/global/urlMaps/dev-controlplane",
            "map_id": 1174318042718010894,
            "name": "dev-controlplane",
            "path_matcher": [],
            "project": "data-button-357010",
            "self_link": "https://www.googleapis.com/compute/v1/projects/data-button-357010/global/urlMaps/dev-controlplane",
            "test": [],
            "timeouts": null
          },
          "sensitive_attributes": [],
          "private": "eyJlMmJmYjczMC1lY2FhLTExZTYtOGY4OC0zNDM2M2JjN2M0YzAiOnsiY3JlYXRlIjoxMjAwMDAwMDAwMDAwLCJkZWxldGUiOjEyMDAwMDAwMDAwMDAsInVwZGF0ZSI6MTIwMDAwMDAwMDAwMH19",
          "dependencies": [
            "google_compute_backend_service.default"
          ]
        }
      ]
    },
    {
      "module": "module.lb",
      "mode": "managed",
      "type": "google_compute_global_address",
      "name": "default",
      "provider": "provider[\"registry.terraform.io/hashicorp/google\"]",
      "instances": [
        {
          "schema_version": 0,
          "attributes": {
            "address": "35.244.172.55",
            "address_type": "EXTERNAL",
            "creation_timestamp": "2022-09-16T02:24:14.930-07:00",
            "description": "",
            "id": "projects/data-button-357010/global/addresses/iot-core-dataplanie1-address",
            "ip_version": "",
            "name": "iot-core-dataplanie1-address",
            "network": "",
            "prefix_length": 0,
            "project": "data-button-357010",
            "purpose": "",
            "self_link": "https://www.googleapis.com/compute/v1/projects/data-button-357010/global/addresses/iot-core-dataplanie1-address",
            "timeouts": null
          },
          "sensitive_attributes": [],
          "private": "eyJlMmJmYjczMC1lY2FhLTExZTYtOGY4OC0zNDM2M2JjN2M0YzAiOnsiY3JlYXRlIjoxMjAwMDAwMDAwMDAwLCJkZWxldGUiOjEyMDAwMDAwMDAwMDB9fQ=="
        }
      ]
    }
  ]
}
